Microsoft Visual Studio Solution File, Format Version 12.00
# Visual Studio Version 17
VisualStudioVersion = 17.5.2.0
MinimumVisualStudioVersion = 10.0.40219.1
Project("{FAE04EC0-301F-11D3-BF4B-00C04F79EFBC}") = "WearHrMaui", "Maui\WearHrMaui.csproj", "{000B6116-BC0E-9959-732B-A7C550A8C22C}"
EndProject
Global
	GlobalSection(SolutionConfigurationPlatforms) = preSolution
		Debug|Any CPU = Debug|Any CPU
		Release|Any CPU = Release|Any CPU
	EndGlobalSection
	GlobalSection(ProjectConfigurationPlatforms) = postSolution
		{000B6116-BC0E-9959-732B-A7C550A8C22C}.Debug|Any CPU.ActiveCfg = Debug|Any CPU
		{000B6116-BC0E-9959-732B-A7C550A8C22C}.Debug|Any CPU.Build.0 = Debug|Any CPU
		{000B6116-BC0E-9959-732B-A7C550A8C22C}.Release|Any CPU.ActiveCfg = Release|Any CPU
		{000B6116-BC0E-9959-732B-A7C550A8C22C}.Release|Any CPU.Build.0 = Release|Any CPU
	EndGlobalSection
	GlobalSection(SolutionProperties) = preSolution
		HideSolutionNode = FALSE
	EndGlobalSection
	GlobalSection(ExtensibilityGlobals) = postSolution
		SolutionGuid = {04D392B1-8BEE-4814-ADB8-7DC0A9CABDB5}
	EndGlobalSection
EndGlobal
